
Microsoft Visual Studio Solution File, Format Version 12.00
# Visual Studio Version 17
VisualStudioVersion = 17.5.33627.172
MinimumVisualStudioVersion = 10.0.40219.1
Project("{9A19103F-16F7-4668-BE54-9A1E7A4F7556}") = "SiteManage", "MWPAT\SiteManage.csproj", "{35F83162-33EA-4C9C-BFA5-31C5661A1509}"
EndProject
Project("{FAE04EC0-301F-11D3-BF4B-00C04F79EFBC}") = "ServiceSocketXW", "ServiceSocketXW\ServiceSocketXW.csproj", "{81ABC3EA-6507-403D-A2D5-013F23E3C305}"
EndProject
Project("{FAE04EC0-301F-11D3-BF4B-00C04F79EFBC}") = "HandlerTramaXW", "HandlerTramaXW\HandlerTramaXW.csproj", "{6E16FAAD-A1A6-4C91-9604-CBD172945F13}"
EndProject
Global
	GlobalSection(SolutionConfigurationPlatforms) = preSolution
		Debug|Any CPU = Debug|Any CPU
		Release|Any CPU = Release|Any CPU
	EndGlobalSection
	GlobalSection(ProjectConfigurationPlatforms) = postSolution
		{35F83162-33EA-4C9C-BFA5-31C5661A1509}.Debug|Any CPU.ActiveCfg = Debug|Any CPU
		{35F83162-33EA-4C9C-BFA5-31C5661A1509}.Debug|Any CPU.Build.0 = Debug|Any CPU
		{35F83162-33EA-4C9C-BFA5-31C5661A1509}.Release|Any CPU.ActiveCfg = Release|Any CPU
		{35F83162-33EA-4C9C-BFA5-31C5661A1509}.Release|Any CPU.Build.0 = Release|Any CPU
		{81ABC3EA-6507-403D-A2D5-013F23E3C305}.Debug|Any CPU.ActiveCfg = Debug|Any CPU
		{81ABC3EA-6507-403D-A2D5-013F23E3C305}.Debug|Any CPU.Build.0 = Debug|Any CPU
		{81ABC3EA-6507-403D-A2D5-013F23E3C305}.Release|Any CPU.ActiveCfg = Release|Any CPU
		{81ABC3EA-6507-403D-A2D5-013F23E3C305}.Release|Any CPU.Build.0 = Release|Any CPU
		{6E16FAAD-A1A6-4C91-9604-CBD172945F13}.Debug|Any CPU.ActiveCfg = Debug|Any CPU
		{6E16FAAD-A1A6-4C91-9604-CBD172945F13}.Debug|Any CPU.Build.0 = Debug|Any CPU
		{6E16FAAD-A1A6-4C91-9604-CBD172945F13}.Release|Any CPU.ActiveCfg = Release|Any CPU
		{6E16FAAD-A1A6-4C91-9604-CBD172945F13}.Release|Any CPU.Build.0 = Release|Any CPU
	EndGlobalSection
	GlobalSection(SolutionProperties) = preSolution
		HideSolutionNode = FALSE
	EndGlobalSection
	GlobalSection(ExtensibilityGlobals) = postSolution
		SolutionGuid = {D1734C46-8F74-43B2-9D82-89BA629F53B2}
	EndGlobalSection
EndGlobal
